
Microsoft Visual Studio Solution File, Format Version 12.00
# Visual Studio Version 16
VisualStudioVersion = 16.0.28922.388
MinimumVisualStudioVersion = 10.0.40219.1
Project("{8BC9CEB8-8B4A-11D0-8D11-00A0C91BC942}") = "Minecraft", "Minecraft.vcxproj", "{DCF53EC4-D03F-4135-AE68-67AE86591C47}"
EndProject
Global
	GlobalSection(SolutionConfigurationPlatforms) = preSolution
		Release|x64 = Release|x64
	EndGlobalSection
	GlobalSection(ProjectConfigurationPlatforms) = postSolution
		{DCF53EC4-D03F-4135-AE68-67AE86591C47}.Release|x64.ActiveCfg = Release|x64
		{DCF53EC4-D03F-4135-AE68-67AE86591C47}.Release|x64.Build.0 = Release|x64
	EndGlobalSection
	GlobalSection(SolutionProperties) = preSolution
		HideSolutionNode = FALSE
	EndGlobalSection
	GlobalSection(ExtensibilityGlobals) = postSolution
		SolutionGuid = {5C3277FA-9915-458F-97FE-1E8F4F6E9F94}
	EndGlobalSection
EndGlobal
